
Microsoft Visual Studio Solution File, Format Version 12.00
# Visual Studio Version 16
VisualStudioVersion = 16.0.29613.14
MinimumVisualStudioVersion = 10.0.40219.1
Project("{8BC9CEB8-8B4A-11D0-8D11-00A0C91BC942}") = "UG_Remote", "UG_Remote.vcxproj", "{8A46B203-8A93-42C6-B910-040342B11FA7}"
EndProject
Global
	GlobalSection(SolutionConfigurationPlatforms) = preSolution
		Debug|x64 = Debug|x64
		Debug|x86 = Debug|x86
		Release|x64 = Release|x64
		Release|x86 = Release|x86
	EndGlobalSection
	GlobalSection(ProjectConfigurationPlatforms) = postSolution
		{8A46B203-8A93-42C6-B910-040342B11FA7}.Debug|x64.ActiveCfg = Debug|x64
		{8A46B203-8A93-42C6-B910-040342B11FA7}.Debug|x64.Build.0 = Debug|x64
		{8A46B203-8A93-42C6-B910-040342B11FA7}.Debug|x86.ActiveCfg = Debug|Win32
		{8A46B203-8A93-42C6-B910-040342B11FA7}.Debug|x86.Build.0 = Debug|Win32
		{8A46B203-8A93-42C6-B910-040342B11FA7}.Release|x64.ActiveCfg = Release|x64
		{8A46B203-8A93-42C6-B910-040342B11FA7}.Release|x64.Build.0 = Release|x64
		{8A46B203-8A93-42C6-B910-040342B11FA7}.Release|x86.ActiveCfg = Release|Win32
		{8A46B203-8A93-42C6-B910-040342B11FA7}.Release|x86.Build.0 = Release|Win32
	EndGlobalSection
	GlobalSection(SolutionProperties) = preSolution
		HideSolutionNode = FALSE
	EndGlobalSection
	GlobalSection(ExtensibilityGlobals) = postSolution
		SolutionGuid = {4F404A84-B294-4FF3-B24E-F9E139E3F273}
	EndGlobalSection
EndGlobal
